
Microsoft Visual Studio Solution File, Format Version 12.00
# Visual Studio 15
VisualStudioVersion = 15.0.27130.2024
MinimumVisualStudioVersion = 10.0.40219.1
Project("{FAE04EC0-301F-11D3-BF4B-00C04F79EFBC}") = "GeneralizedAsyncPushPullParser", "GeneralizedAsyncPushPullParser\GeneralizedAsyncPushPullParser.csproj", "{63BF5AE6-A5A7-4BC4-A49E-07725EFAFBAB}"
EndProject
Project("{2150E333-8FDC-42A3-9474-1A3956D46DE8}") = "Solution Items", "Solution Items", "{2CCFCA70-8C8D-4ED8-AC10-DAB861C916A2}"
	ProjectSection(SolutionItems) = preProject
		LICENSE.md = LICENSE.md
		README.md = README.md
	EndProjectSection
EndProject
Global
	GlobalSection(SolutionConfigurationPlatforms) = preSolution
		Debug|Any CPU = Debug|Any CPU
		Release|Any CPU = Release|Any CPU
	EndGlobalSection
	GlobalSection(ProjectConfigurationPlatforms) = postSolution
		{63BF5AE6-A5A7-4BC4-A49E-07725EFAFBAB}.Debug|Any CPU.ActiveCfg = Debug|Any CPU
		{63BF5AE6-A5A7-4BC4-A49E-07725EFAFBAB}.Debug|Any CPU.Build.0 = Debug|Any CPU
		{63BF5AE6-A5A7-4BC4-A49E-07725EFAFBAB}.Release|Any CPU.ActiveCfg = Release|Any CPU
		{63BF5AE6-A5A7-4BC4-A49E-07725EFAFBAB}.Release|Any CPU.Build.0 = Release|Any CPU
	EndGlobalSection
	GlobalSection(SolutionProperties) = preSolution
		HideSolutionNode = FALSE
	EndGlobalSection
	GlobalSection(ExtensibilityGlobals) = postSolution
		SolutionGuid = {D16403B9-9FBB-4841-9CB8-78C1F605E629}
	EndGlobalSection
EndGlobal
